{
  "requires": true,
  "lockfileVersion": 1,
  "dependencies": {
    "@maxmind/geoip2-node": {
      "version": "1.4.0",
      "resolved": "https://registry.npmjs.org/@maxmind/geoip2-node/-/geoip2-node-1.4.0.tgz",
      "integrity": "sha512-cykW3+uiRe0aNN3obp+BaPHm6Yuaw7qGIJXppMAJNFHlyK8XPLwbP6jSUsjMRh9zRRwOO5gcb68CFUfAohT6aQ==",
      "requires": {
        "camelcase-keys": "^6.0.1",
        "ip6addr": "^0.2.3",
        "lodash.set": "^4.3.2",
        "maxmind": "^4.1.0"
      },
      "dependencies": {
        "camelcase-keys": {
          "version": "6.2.2",
          "resolved": "https://registry.npmjs.org/camelcase-keys/-/camelcase-keys-6.2.2.tgz",
          "integrity": "sha512-YrwaA0vEKazPBkn0ipTiMpSajYDSe+KjQfrjhcBMxJt/znbvlHd8Pw/Vamaz5EB4Wfhs3SUR3Z9mwRu/P3s3Yg==",
          "requires": {
            "camelcase": "^5.3.1",
            "map-obj": "^4.0.0",
            "quick-lru": "^4.0.1"
          }
        },
        "map-obj": {
          "version": "4.1.0",
          "resolved": "https://registry.npmjs.org/map-obj/-/map-obj-4.1.0.tgz",
          "integrity": "sha512-glc9y00wgtwcDmp7GaE/0b0OnxpNJsVf3ael/An6Fe2Q51LLwN1er6sdomLRzz5h0+yMpiYLhWYF5R7HeqVd4g=="
        },
        "maxmind": {
          "version": "4.1.1",
          "resolved": "https://registry.npmjs.org/maxmind/-/maxmind-4.1.1.tgz",
          "integrity": "sha512-UXl4Gs/mt13xK+mCsH9KmFra3u1xyaVXtKS1bG3o7CFyidyDmMgkP/qbQqGDxH/C2Q1jkcfrMS6DbFLOf0B/dQ==",
          "requires": {
            "tiny-lru": "7.0.2"
          }
        },
        "quick-lru": {
          "version": "4.0.1",
          "resolved": "https://registry.npmjs.org/quick-lru/-/quick-lru-4.0.1.tgz",
          "integrity": "sha512-ARhCpm70fzdcvNQfPoy49IaanKkTlRWF2JMzqhcJbhSFRZv7nPTvZJdcY7301IPmvW+/p0RgIWnQDLJxifsQ7g=="
        },
        "tiny-lru": {
          "version": "7.0.2",
          "resolved": "https://registry.npmjs.org/tiny-lru/-/tiny-lru-7.0.2.tgz",
          "integrity": "sha512-cmc9OOwmnAJtyFBYaznKR3abypEhWecarFrvS5db6qwSgoaDUWV0JX+mdh6B9wN60Wux3+gE1vjzxkoqxFBjqw=="
        }
      }
    },
    "JSONSelect": {
      "version": "0.4.0",
      "resolved": "https://registry.npmjs.org/JSONSelect/-/JSONSelect-0.4.0.tgz",
      "integrity": "sha1-oI7cxn6z/L6Z7WMIVTRKDPKCu40="
    },
    "assert-plus": {
      "version": "1.0.0",
      "resolved": "https://registry.npmjs.org/assert-plus/-/assert-plus-1.0.0.tgz",
      "integrity": "sha1-8S4PPF13sLHN2RRpQuTpbB5N1SU="
    },
    "big-integer": {
      "version": "1.6.43",
      "resolved": "https://registry.npmjs.org/big-integer/-/big-integer-1.6.43.tgz",
      "integrity": "sha512-9dULc9jsKmXl0Aeunug8wbF+58n+hQoFjqClN7WeZwGLh0XJUWyJJ9Ee+Ep+Ql/J9fRsTVaeThp8MhiCCrY0Jg=="
    },
    "camelcase": {
      "version": "5.3.1",
      "resolved": "https://registry.npmjs.org/camelcase/-/camelcase-5.3.1.tgz",
      "integrity": "sha512-L28STB170nwWS63UjtlEOE3dldQApaJXZkOI1uMFfzf3rRuPegHaHesyee+YxQ+W6SvRDQV6UrdOdRiR153wJg=="
    },
    "camelcase-keys": {
      "version": "5.2.0",
      "resolved": "https://registry.npmjs.org/camelcase-keys/-/camelcase-keys-5.2.0.tgz",
      "integrity": "sha512-mSM/OQKD1HS5Ll2AXxeaHSdqCGC/QQ8IrgTbKYA/rxnC36thBKysfIr9+OVBWuW17jyZF4swHkjtglawgBmVFg==",
      "requires": {
        "camelcase": "^5.3.1",
        "map-obj": "^3.0.0",
        "quick-lru": "^1.0.0"
      }
    },
    "cjson": {
      "version": "0.2.1",
      "resolved": "https://registry.npmjs.org/cjson/-/cjson-0.2.1.tgz",
      "integrity": "sha1-c82KrWXZ4VBfmvF0TTt5wVJ2gqU="
    },
    "colors": {
      "version": "0.5.1",
      "resolved": "https://registry.npmjs.org/colors/-/colors-0.5.1.tgz",
      "integrity": "sha1-fQAj6usVTo7p/Oddy5I9DtFmd3Q="
    },
    "core-util-is": {
      "version": "1.0.2",
      "resolved": "https://registry.npmjs.org/core-util-is/-/core-util-is-1.0.2.tgz",
      "integrity": "sha1-tf1UIgqivFq1eqtxQMlAdUUDwac="
    },
    "d": {
      "version": "1.0.1",
      "resolved": "https://registry.npmjs.org/d/-/d-1.0.1.tgz",
      "integrity": "sha512-m62ShEObQ39CfralilEQRjH6oAMtNCV1xJyEx5LpRYUVN+EviphDgUc/F3hnYbADmkiNs67Y+3ylmlG7Lnu+FA==",
      "requires": {
        "es5-ext": "^0.10.50",
        "type": "^1.0.1"
      }
    },
    "debug": {
      "version": "2.6.9",
      "resolved": "https://registry.npmjs.org/debug/-/debug-2.6.9.tgz",
      "integrity": "sha512-bC7ElrdJaJnPbAP+1EotYvqZsb3ecl5wi6Bfi6BJTUcNowp6cvspg0jXznRTKDjm/E7AdgFBVeAPVMNcKGsHMA==",
      "requires": {
        "ms": "2.0.0"
      }
    },
    "deep-is": {
      "version": "0.1.3",
      "resolved": "https://registry.npmjs.org/deep-is/-/deep-is-0.1.3.tgz",
      "integrity": "sha1-s2nW+128E+7PUk+RsHD+7cNXzzQ="
    },
    "depd": {
      "version": "1.1.2",
      "resolved": "https://registry.npmjs.org/depd/-/depd-1.1.2.tgz",
      "integrity": "sha1-m81S4UwJd2PnSbJ0xDRu0uVgtak="
    },
    "destroy": {
      "version": "1.0.4",
      "resolved": "https://registry.npmjs.org/destroy/-/destroy-1.0.4.tgz",
      "integrity": "sha1-l4hXRCxEdJ5CBmE+N5RiBYJqvYA="
    },
    "ebnf-parser": {
      "version": "0.1.10",
      "resolved": "https://registry.npmjs.org/ebnf-parser/-/ebnf-parser-0.1.10.tgz",
      "integrity": "sha1-zR9rpHfFY4xAyX7ZtXLbW6tdgzE="
    },
    "ee-first": {
      "version": "1.1.1",
      "resolved": "https://registry.npmjs.org/ee-first/-/ee-first-1.1.1.tgz",
      "integrity": "sha1-WQxhFWsK4vTwJVcyoViyZrxWsh0="
    },
    "emitter-component": {
      "version": "1.1.1",
      "resolved": "https://registry.npmjs.org/emitter-component/-/emitter-component-1.1.1.tgz",
      "integrity": "sha1-Bl4tvtaVm/RwZ57avq95gdEAOrY="
    },
    "encodeurl": {
      "version": "1.0.2",
      "resolved": "https://registry.npmjs.org/encodeurl/-/encodeurl-1.0.2.tgz",
      "integrity": "sha1-rT/0yG7C0CkyL1oCw6mmBslbP1k="
    },
    "es5-ext": {
      "version": "0.10.53",
      "resolved": "https://registry.npmjs.org/es5-ext/-/es5-ext-0.10.53.tgz",
      "integrity": "sha512-Xs2Stw6NiNHWypzRTY1MtaG/uJlwCk8kH81920ma8mvN8Xq1gsfhZvpkImLQArw8AHnv8MT2I45J3c0R8slE+Q==",
      "requires": {
        "es6-iterator": "~2.0.3",
        "es6-symbol": "~3.1.3",
        "next-tick": "~1.0.0"
      }
    },
    "es6-iterator": {
      "version": "2.0.3",
      "resolved": "https://registry.npmjs.org/es6-iterator/-/es6-iterator-2.0.3.tgz",
      "integrity": "sha1-p96IkUGgWpSwhUQDstCg+/qY87c=",
      "requires": {
        "d": "1",
        "es5-ext": "^0.10.35",
        "es6-symbol": "^3.1.1"
      }
    },
    "es6-symbol": {
      "version": "3.1.3",
      "resolved": "https://registry.npmjs.org/es6-symbol/-/es6-symbol-3.1.3.tgz",
      "integrity": "sha512-NJ6Yn3FuDinBaBRWl/q5X/s4koRHBrgKAu+yGI6JCBeiu3qrcbJhwT2GeR/EXVfylRk8dpQVJoLEFhK+Mu31NA==",
      "requires": {
        "d": "^1.0.1",
        "ext": "^1.1.2"
      }
    },
    "escape-html": {
      "version": "1.0.3",
      "resolved": "https://registry.npmjs.org/escape-html/-/escape-html-1.0.3.tgz",
      "integrity": "sha1-Aljq5NPQwJdN4cFpGI7wBR0dGYg="
    },
    "escodegen": {
      "version": "0.0.21",
      "resolved": "https://registry.npmjs.org/escodegen/-/escodegen-0.0.21.tgz",
      "integrity": "sha1-U9ZSz6EDA4gnlFilJmxf/HCcY8M=",
      "requires": {
        "esprima": "~1.0.2",
        "estraverse": "~0.0.4",
        "source-map": ">= 0.1.2"
      },
      "dependencies": {
        "esprima": {
          "version": "1.0.4",
          "resolved": "https://registry.npmjs.org/esprima/-/esprima-1.0.4.tgz",
          "integrity": "sha1-n1V+CPw7TSbs6d00+Pv0drYlha0="
        }
      }
    },
    "esprima": {
      "version": "1.2.2",
      "resolved": "https://registry.npmjs.org/esprima/-/esprima-1.2.2.tgz",
      "integrity": "sha1-dqD9Zvz+FU/SkmZ9wmQBl1CxZXs="
    },
    "estraverse": {
      "version": "0.0.4",
      "resolved": "https://registry.npmjs.org/estraverse/-/estraverse-0.0.4.tgz",
      "integrity": "sha1-AaCTLf7ldGhKWYr1pnw7+bZCjbI="
    },
    "esutils": {
      "version": "2.0.2",
      "resolved": "https://registry.npmjs.org/esutils/-/esutils-2.0.2.tgz",
      "integrity": "sha1-Cr9PHKpbyx96nYrMbepPqqBLrJs="
    },
    "etag": {
      "version": "1.8.1",
      "resolved": "https://registry.npmjs.org/etag/-/etag-1.8.1.tgz",
      "integrity": "sha1-Qa4u62XvpiJorr/qg6x9eSmbCIc="
    },
    "ext": {
      "version": "1.4.0",
      "resolved": "https://registry.npmjs.org/ext/-/ext-1.4.0.tgz",
      "integrity": "sha512-Key5NIsUxdqKg3vIsdw9dSuXpPCQ297y6wBjL30edxwPgt2E44WcWBZey/ZvUc6sERLTxKdyCu4gZFmUbk1Q7A==",
      "requires": {
        "type": "^2.0.0"
      },
      "dependencies": {
        "type": {
          "version": "2.0.0",
          "resolved": "https://registry.npmjs.org/type/-/type-2.0.0.tgz",
          "integrity": "sha512-KBt58xCHry4Cejnc2ISQAF7QY+ORngsWfxezO68+12hKV6lQY8P/psIkcbjeHWn7MqcgciWJyCCevFMJdIXpow=="
        }
      }
    },
    "extsprintf": {
      "version": "1.3.0",
      "resolved": "https://registry.npmjs.org/extsprintf/-/extsprintf-1.3.0.tgz",
      "integrity": "sha1-lpGEQOMEGnpBT4xS48V06zw+HgU="
    },
    "fast-levenshtein": {
      "version": "2.0.6",
      "resolved": "https://registry.npmjs.org/fast-levenshtein/-/fast-levenshtein-2.0.6.tgz",
      "integrity": "sha1-PYpcZog6FqMMqGQ+hR8Zuqd5eRc="
    },
    "finalhandler": {
      "version": "1.1.2",
      "resolved": "https://registry.npmjs.org/finalhandler/-/finalhandler-1.1.2.tgz",
      "integrity": "sha512-aAWcW57uxVNrQZqFXjITpW3sIUQmHGG3qSb9mUah9MgMC4NeWhNOlNjXEYq3HjRAvL6arUviZGGJsBg6z0zsWA==",
      "requires": {
        "debug": "2.6.9",
        "encodeurl": "~1.0.2",
        "escape-html": "~1.0.3",
        "on-finished": "~2.3.0",
        "parseurl": "~1.3.3",
        "statuses": "~1.5.0",
        "unpipe": "~1.0.0"
      },
      "dependencies": {
        "statuses": {
          "version": "1.5.0",
          "resolved": "https://registry.npmjs.org/statuses/-/statuses-1.5.0.tgz",
          "integrity": "sha1-Fhx9rBd2Wf2YEfQ3cfqZOBR4Yow="
        }
      }
    },
    "fresh": {
      "version": "0.5.2",
      "resolved": "https://registry.npmjs.org/fresh/-/fresh-0.5.2.tgz",
      "integrity": "sha1-PYyt2Q2XZWn6g1qx+OSyOhBWBac="
    },
    "hammerjs": {
      "version": "2.0.8",
      "resolved": "https://registry.npmjs.org/hammerjs/-/hammerjs-2.0.8.tgz",
      "integrity": "sha1-BO93hiz/K7edMPdpIJWTAiK/YPE="
    },
    "http-errors": {
      "version": "1.6.3",
      "resolved": "https://registry.npmjs.org/http-errors/-/http-errors-1.6.3.tgz",
      "integrity": "sha1-i1VoC7S+KDoLW/TqLjhYC+HZMg0=",
      "requires": {
        "depd": "~1.1.2",
        "inherits": "2.0.3",
        "setprototypeof": "1.1.0",
        "statuses": ">= 1.4.0 < 2"
      }
    },
    "inherits": {
      "version": "2.0.3",
      "resolved": "https://registry.npmjs.org/inherits/-/inherits-2.0.3.tgz",
      "integrity": "sha1-Yzwsg+PaQqUC9SRmAiSA9CCCYd4="
    },
    "ip6addr": {
      "version": "0.2.3",
      "resolved": "https://registry.npmjs.org/ip6addr/-/ip6addr-0.2.3.tgz",
      "integrity": "sha512-qA9DXRAUW+lT47/i/4+Q3GHPwZjGt/atby1FH/THN6GVATA6+Pjp2nztH7k6iKeil7hzYnBwfSsxjthlJ8lJKw==",
      "requires": {
        "assert-plus": "^1.0.0",
        "jsprim": "^1.4.0"
      }
    },
    "is-typedarray": {
      "version": "1.0.0",
      "resolved": "https://registry.npmjs.org/is-typedarray/-/is-typedarray-1.0.0.tgz",
      "integrity": "sha1-5HnICFjfDBsR3dppQPlgEfzaSpo="
    },
    "jison": {
      "version": "0.4.13",
      "resolved": "https://registry.npmjs.org/jison/-/jison-0.4.13.tgz",
      "integrity": "sha1-kEFwfWIkE2f1iDRTK58ZwsNvrHg=",
      "requires": {
        "JSONSelect": "0.4.0",
        "cjson": "~0.2.1",
        "ebnf-parser": "~0.1.9",
        "escodegen": "0.0.21",
        "esprima": "1.0.x",
        "jison-lex": "0.2.x",
        "lex-parser": "~0.1.3",
        "nomnom": "1.5.2"
      },
      "dependencies": {
        "esprima": {
          "version": "1.0.4",
          "resolved": "https://registry.npmjs.org/esprima/-/esprima-1.0.4.tgz",
          "integrity": "sha1-n1V+CPw7TSbs6d00+Pv0drYlha0="
        }
      }
    },
    "jison-lex": {
      "version": "0.2.1",
      "resolved": "https://registry.npmjs.org/jison-lex/-/jison-lex-0.2.1.tgz",
      "integrity": "sha1-rEuBXozOUTLrErXfz+jXB7iETf4=",
      "requires": {
        "lex-parser": "0.1.x",
        "nomnom": "1.5.2"
      }
    },
    "json-schema": {
      "version": "0.2.3",
      "resolved": "https://registry.npmjs.org/json-schema/-/json-schema-0.2.3.tgz",
      "integrity": "sha1-tIDIkuWaLwWVTOcnvT8qTogvnhM="
    },
    "jsonpath": {
      "version": "1.0.2",
      "resolved": "https://registry.npmjs.org/jsonpath/-/jsonpath-1.0.2.tgz",
      "integrity": "sha512-rmzlgFZiQPc6q4HDyK8s9Qb4oxBnI5sF61y/Co5PV0lc3q2bIuRsNdueVbhoSHdKM4fxeimphOAtfz47yjCfeA==",
      "requires": {
        "esprima": "1.2.2",
        "static-eval": "2.0.2",
        "underscore": "1.7.0"
      }
    },
    "jsprim": {
      "version": "1.4.1",
      "resolved": "https://registry.npmjs.org/jsprim/-/jsprim-1.4.1.tgz",
      "integrity": "sha1-MT5mvB5cwG5Di8G3SZwuXFastqI=",
      "requires": {
        "assert-plus": "1.0.0",
        "extsprintf": "1.3.0",
        "json-schema": "0.2.3",
        "verror": "1.10.0"
      }
    },
    "keycharm": {
      "version": "0.2.0",
      "resolved": "https://registry.npmjs.org/keycharm/-/keycharm-0.2.0.tgz",
      "integrity": "sha1-+m6i5DuQpoAohD0n8gddNajD5vk="
    },
    "levn": {
      "version": "0.3.0",
      "resolved": "https://registry.npmjs.org/levn/-/levn-0.3.0.tgz",
      "integrity": "sha1-OwmSTt+fCDwEkP3UwLxEIeBHZO4=",
      "requires": {
        "prelude-ls": "~1.1.2",
        "type-check": "~0.3.2"
      }
    },
    "lex-parser": {
      "version": "0.1.4",
      "resolved": "https://registry.npmjs.org/lex-parser/-/lex-parser-0.1.4.tgz",
      "integrity": "sha1-ZMTwJfF/1Tv7RXY/rrFvAVp0dVA="
    },
    "lodash.set": {
      "version": "4.3.2",
      "resolved": "https://registry.npmjs.org/lodash.set/-/lodash.set-4.3.2.tgz",
      "integrity": "sha1-2HV7HagH3eJIFrDWqEvqGnYjCyM="
    },
    "map-obj": {
      "version": "3.1.0",
      "resolved": "https://registry.npmjs.org/map-obj/-/map-obj-3.1.0.tgz",
      "integrity": "sha512-Xg1iyYz/+iIW6YoMldux47H/e5QZyDSB41Kb0ev+YYHh3FJnyyzY0vTk/WbVeWcCvdXd70cOriUBmhP8alUFBA=="
    },
    "maxmind": {
      "version": "2.12.0",
      "resolved": "https://registry.npmjs.org/maxmind/-/maxmind-2.12.0.tgz",
      "integrity": "sha512-gnLdeLg0GFYlrtPt2122RYrRUy8OWxrhYEDCORaUkr6AvKXnLfnNpsFmWUOBYkvZK17XX4NeuMwnjIQM9EcxTw==",
      "requires": {
        "big-integer": "^1.6.31",
        "tiny-lru": "^6.0.0"
      }
    },
    "mime": {
      "version": "1.4.1",
      "resolved": "https://registry.npmjs.org/mime/-/mime-1.4.1.tgz",
      "integrity": "sha512-KI1+qOZu5DcW6wayYHSzR/tXKCDC5Om4s1z2QJjDULzLcmf3DvzS7oluY4HCTrc+9FiKmWUgeNLg7W3uIQvxtQ=="
    },
    "moment": {
      "version": "2.24.0",
      "resolved": "https://registry.npmjs.org/moment/-/moment-2.24.0.tgz",
      "integrity": "sha512-bV7f+6l2QigeBBZSM/6yTNq4P2fNpSWj/0e7jQcy87A8e7o2nAfP/34/2ky5Vw4B9S446EtIhodAzkFCcR4dQg=="
    },
    "ms": {
      "version": "2.0.0",
      "resolved": "https://registry.npmjs.org/ms/-/ms-2.0.0.tgz",
      "integrity": "sha1-VgiurfwAvmwpAd9fmGF4jeDVl8g="
    },
    "nan": {
      "version": "2.13.2",
      "resolved": "https://registry.npmjs.org/nan/-/nan-2.13.2.tgz",
      "integrity": "sha512-TghvYc72wlMGMVMluVo9WRJc0mB8KxxF/gZ4YYFy7V2ZQX9l7rgbPg7vjS9mt6U5HXODVFVI2bOduCzwOMv/lw=="
    },
    "next-tick": {
      "version": "1.0.0",
      "resolved": "https://registry.npmjs.org/next-tick/-/next-tick-1.0.0.tgz",
      "integrity": "sha1-yobR/ogoFpsBICCOPchCS524NCw="
    },
    "nomnom": {
      "version": "1.5.2",
      "resolved": "https://registry.npmjs.org/nomnom/-/nomnom-1.5.2.tgz",
      "integrity": "sha1-9DRUSKhTz71cDSYyDyR3qwUm/i8=",
      "requires": {
        "colors": "0.5.x",
        "underscore": "1.1.x"
      },
      "dependencies": {
        "underscore": {
          "version": "1.1.7",
          "resolved": "https://registry.npmjs.org/underscore/-/underscore-1.1.7.tgz",
          "integrity": "sha1-QLq4S60Z0jAJbo1u9ii/8FXYPbA="
        }
      }
    },
    "on-finished": {
      "version": "2.3.0",
      "resolved": "https://registry.npmjs.org/on-finished/-/on-finished-2.3.0.tgz",
      "integrity": "sha1-IPEzZIGwg811M3mSoWlxqi2QaUc=",
      "requires": {
        "ee-first": "1.1.1"
      }
    },
    "optionator": {
      "version": "0.8.2",
      "resolved": "https://registry.npmjs.org/optionator/-/optionator-0.8.2.tgz",
      "integrity": "sha1-NkxeQJ0/TWMB1sC0wFu6UBgK62Q=",
      "requires": {
        "deep-is": "~0.1.3",
        "fast-levenshtein": "~2.0.4",
        "levn": "~0.3.0",
        "prelude-ls": "~1.1.2",
        "type-check": "~0.3.2",
        "wordwrap": "~1.0.0"
      }
    },
    "parseurl": {
      "version": "1.3.3",
      "resolved": "https://registry.npmjs.org/parseurl/-/parseurl-1.3.3.tgz",
      "integrity": "sha512-CiyeOxFT/JZyN5m0z9PfXw4SCBJ6Sygz1Dpl0wqjlhDEGGBP1GnsUVEL0p63hoG1fcj3fHynXi9NYO4nWOL+qQ=="
    },
    "prelude-ls": {
      "version": "1.1.2",
      "resolved": "https://registry.npmjs.org/prelude-ls/-/prelude-ls-1.1.2.tgz",
      "integrity": "sha1-IZMqVJ9eUv/ZqCf1cOBL5iqX2lQ="
    },
    "propagating-hammerjs": {
      "version": "1.4.6",
      "resolved": "https://registry.npmjs.org/propagating-hammerjs/-/propagating-hammerjs-1.4.6.tgz",
      "integrity": "sha1-/tAOmwB2f/1C0U9bUxvEk+tnLjc=",
      "requires": {
        "hammerjs": "^2.0.6"
      }
    },
    "quick-lru": {
      "version": "1.1.0",
      "resolved": "https://registry.npmjs.org/quick-lru/-/quick-lru-1.1.0.tgz",
      "integrity": "sha1-Q2CxfGETatOAeDl/8RQW4Ybc+7g="
    },
    "range-parser": {
      "version": "1.2.0",
      "resolved": "https://registry.npmjs.org/range-parser/-/range-parser-1.2.0.tgz",
      "integrity": "sha1-9JvmtIeJTdxA3MlKMi9hEJLgDV4="
    },
    "send": {
      "version": "0.16.2",
      "resolved": "https://registry.npmjs.org/send/-/send-0.16.2.tgz",
      "integrity": "sha512-E64YFPUssFHEFBvpbbjr44NCLtI1AohxQ8ZSiJjQLskAdKuriYEP6VyGEsRDH8ScozGpkaX1BGvhanqCwkcEZw==",
      "requires": {
        "debug": "2.6.9",
        "depd": "~1.1.2",
        "destroy": "~1.0.4",
        "encodeurl": "~1.0.2",
        "escape-html": "~1.0.3",
        "etag": "~1.8.1",
        "fresh": "0.5.2",
        "http-errors": "~1.6.2",
        "mime": "1.4.1",
        "ms": "2.0.0",
        "on-finished": "~2.3.0",
        "range-parser": "~1.2.0",
        "statuses": "~1.4.0"
      }
    },
    "serve-static": {
      "version": "1.14.1",
      "resolved": "https://registry.npmjs.org/serve-static/-/serve-static-1.14.1.tgz",
      "integrity": "sha512-JMrvUwE54emCYWlTI+hGrGv5I8dEwmco/00EvkzIIsR7MqrHonbD9pO2MOfFnpFntl7ecpZs+3mW+XbQZu9QCg==",
      "requires": {
        "encodeurl": "~1.0.2",
        "escape-html": "~1.0.3",
        "parseurl": "~1.3.3",
        "send": "0.17.1"
      },
      "dependencies": {
        "http-errors": {
          "version": "1.7.3",
          "resolved": "https://registry.npmjs.org/http-errors/-/http-errors-1.7.3.tgz",
          "integrity": "sha512-ZTTX0MWrsQ2ZAhA1cejAwDLycFsd7I7nVtnkT3Ol0aqodaKW+0CTZDQ1uBv5whptCnc8e8HeRRJxRs0kmm/Qfw==",
          "requires": {
            "depd": "~1.1.2",
            "inherits": "2.0.4",
            "setprototypeof": "1.1.1",
            "statuses": ">= 1.5.0 < 2",
            "toidentifier": "1.0.0"
          }
        },
        "inherits": {
          "version": "2.0.4",
          "resolved": "https://registry.npmjs.org/inherits/-/inherits-2.0.4.tgz",
          "integrity": "sha512-k/vGaX4/Yla3WzyMCvTQOXYeIHvqOKtnqBduzTHpzpQZzAskKMhZ2K+EnBiSM9zGSoIFeMpXKxa4dYeZIQqewQ=="
        },
        "mime": {
          "version": "1.6.0",
          "resolved": "https://registry.npmjs.org/mime/-/mime-1.6.0.tgz",
          "integrity": "sha512-x0Vn8spI+wuJ1O6S7gnbaQg8Pxh4NNHb7KSINmEWKiPE4RKOplvijn+NkmYmmRgP68mc70j2EbeTFRsrswaQeg=="
        },
        "ms": {
          "version": "2.1.1",
          "resolved": "https://registry.npmjs.org/ms/-/ms-2.1.1.tgz",
          "integrity": "sha512-tgp+dl5cGk28utYktBsrFqA7HKgrhgPsg6Z/EfhWI4gl1Hwq8B/GmY/0oXZ6nF8hDVesS/FpnYaD/kOWhYQvyg=="
        },
        "range-parser": {
          "version": "1.2.1",
          "resolved": "https://registry.npmjs.org/range-parser/-/range-parser-1.2.1.tgz",
          "integrity": "sha512-Hrgsx+orqoygnmhFbKaHE6c296J+HTAQXoxEF6gNupROmmGJRoyzfG3ccAveqCBrwr/2yxQ5BVd/GTl5agOwSg=="
        },
        "send": {
          "version": "0.17.1",
          "resolved": "https://registry.npmjs.org/send/-/send-0.17.1.tgz",
          "integrity": "sha512-BsVKsiGcQMFwT8UxypobUKyv7irCNRHk1T0G680vk88yf6LBByGcZJOTJCrTP2xVN6yI+XjPJcNuE3V4fT9sAg==",
          "requires": {
            "debug": "2.6.9",
            "depd": "~1.1.2",
            "destroy": "~1.0.4",
            "encodeurl": "~1.0.2",
            "escape-html": "~1.0.3",
            "etag": "~1.8.1",
            "fresh": "0.5.2",
            "http-errors": "~1.7.2",
            "mime": "1.6.0",
            "ms": "2.1.1",
            "on-finished": "~2.3.0",
            "range-parser": "~1.2.1",
            "statuses": "~1.5.0"
          }
        },
        "setprototypeof": {
          "version": "1.1.1",
          "resolved": "https://registry.npmjs.org/setprototypeof/-/setprototypeof-1.1.1.tgz",
          "integrity": "sha512-JvdAWfbXeIGaZ9cILp38HntZSFSo3mWg6xGcJJsd+d4aRMOqauag1C63dJfDw7OaMYwEbHMOxEZ1lqVRYP2OAw=="
        },
        "statuses": {
          "version": "1.5.0",
          "resolved": "https://registry.npmjs.org/statuses/-/statuses-1.5.0.tgz",
          "integrity": "sha1-Fhx9rBd2Wf2YEfQ3cfqZOBR4Yow="
        }
      }
    },
    "setprototypeof": {
      "version": "1.1.0",
      "resolved": "https://registry.npmjs.org/setprototypeof/-/setprototypeof-1.1.0.tgz",
      "integrity": "sha512-BvE/TwpZX4FXExxOxZyRGQQv651MSwmWKZGqvmPcRIjDqWub67kTKuIMx43cZZrS/cBBzwBcNDWoFxt2XEFIpQ=="
    },
    "source-map": {
      "version": "0.7.3",
      "resolved": "https://registry.npmjs.org/source-map/-/source-map-0.7.3.tgz",
      "integrity": "sha512-CkCj6giN3S+n9qrYiBTX5gystlENnRW5jZeNLHpe6aue+SrHcG5VYwujhW9s4dY31mEGsxBDrHR6oI69fTXsaQ=="
    },
    "static-eval": {
      "version": "2.0.2",
      "resolved": "https://registry.npmjs.org/static-eval/-/static-eval-2.0.2.tgz",
      "integrity": "sha512-N/D219Hcr2bPjLxPiV+TQE++Tsmrady7TqAJugLy7Xk1EumfDWS/f5dtBbkRCGE7wKKXuYockQoj8Rm2/pVKyg==",
      "requires": {
        "escodegen": "^1.8.1"
      },
      "dependencies": {
        "escodegen": {
          "version": "1.11.1",
          "resolved": "https://registry.npmjs.org/escodegen/-/escodegen-1.11.1.tgz",
          "integrity": "sha512-JwiqFD9KdGVVpeuRa68yU3zZnBEOcPs0nKW7wZzXky8Z7tffdYUHbe11bPCV5jYlK6DVdKLWLm0f5I/QlL0Kmw==",
          "requires": {
            "esprima": "^3.1.3",
            "estraverse": "^4.2.0",
            "esutils": "^2.0.2",
            "optionator": "^0.8.1",
            "source-map": "~0.6.1"
          }
        },
        "esprima": {
          "version": "3.1.3",
          "resolved": "https://registry.npmjs.org/esprima/-/esprima-3.1.3.tgz",
          "integrity": "sha1-/cpRzuYTOJXjyI1TXOSdv/YqRjM="
        },
        "estraverse": {
          "version": "4.2.0",
          "resolved": "https://registry.npmjs.org/estraverse/-/estraverse-4.2.0.tgz",
          "integrity": "sha1-De4/7TH81GlhjOc0IJn8GvoL2xM="
        },
        "source-map": {
          "version": "0.6.1",
          "resolved": "https://registry.npmjs.org/source-map/-/source-map-0.6.1.tgz",
          "integrity": "sha512-UjgapumWlbMhkBgzT7Ykc5YXUT46F0iKu8SGXq0bcwP5dz/h0Plj6enJqjz1Zbq2l5WaqYnrVbwWOWMyF3F47g==",
          "optional": true
        }
      }
    },
    "statuses": {
      "version": "1.4.0",
      "resolved": "https://registry.npmjs.org/statuses/-/statuses-1.4.0.tgz",
      "integrity": "sha512-zhSCtt8v2NDrRlPQpCNtw/heZLtfUDqxBM1udqikb/Hbk52LK4nQSwr10u77iopCW5LsyHpuXS0GnEc48mLeew=="
    },
    "tiny-lru": {
      "version": "6.0.1",
      "resolved": "https://registry.npmjs.org/tiny-lru/-/tiny-lru-6.0.1.tgz",
      "integrity": "sha512-k/vdHz+bFALjmik0URLWBYNuO0hCABTL5dullbZBXvFDdlL8RrKaeLR6YuHfX+6ZXOLkHw+HpNLCUA7DtLMQmg=="
    },
    "toidentifier": {
      "version": "1.0.0",
      "resolved": "https://registry.npmjs.org/toidentifier/-/toidentifier-1.0.0.tgz",
      "integrity": "sha512-yaOH/Pk/VEhBWWTlhI+qXxDFXlejDGcQipMlyxda9nthulaxLZUNcUqFxokp0vcYnvteJln5FNQDRrxj3YcbVw=="
    },
    "type": {
      "version": "1.2.0",
      "resolved": "https://registry.npmjs.org/type/-/type-1.2.0.tgz",
      "integrity": "sha512-+5nt5AAniqsCnu2cEQQdpzCAh33kVx8n0VoFidKpB1dVVLAN/F+bgVOqOJqOnEnrhp222clB5p3vUlD+1QAnfg=="
    },
    "type-check": {
      "version": "0.3.2",
      "resolved": "https://registry.npmjs.org/type-check/-/type-check-0.3.2.tgz",
      "integrity": "sha1-WITKtRLPHTVeP7eE8wgEsrUg23I=",
      "requires": {
        "prelude-ls": "~1.1.2"
      }
    },
    "typedarray-to-buffer": {
      "version": "3.1.5",
      "resolved": "https://registry.npmjs.org/typedarray-to-buffer/-/typedarray-to-buffer-3.1.5.tgz",
      "integrity": "sha512-zdu8XMNEDepKKR+XYOXAVPtWui0ly0NtohUscw+UmaHiAWT8hrV1rr//H6V+0DvJ3OQ19S979M0laLfX8rm82Q==",
      "requires": {
        "is-typedarray": "^1.0.0"
      }
    },
    "underscore": {
      "version": "1.7.0",
      "resolved": "https://registry.npmjs.org/underscore/-/underscore-1.7.0.tgz",
      "integrity": "sha1-a7rwh3UA02vjTsqlhODbn+8DUgk="
    },
    "unpipe": {
      "version": "1.0.0",
      "resolved": "https://registry.npmjs.org/unpipe/-/unpipe-1.0.0.tgz",
      "integrity": "sha1-sr9O6FFKrmFltIF4KdIbLvSZBOw="
    },
    "verror": {
      "version": "1.10.0",
      "resolved": "https://registry.npmjs.org/verror/-/verror-1.10.0.tgz",
      "integrity": "sha1-OhBcoXBTr1XW4nDB+CiGguGNpAA=",
      "requires": {
        "assert-plus": "^1.0.0",
        "core-util-is": "1.0.2",
        "extsprintf": "^1.2.0"
      }
    },
    "vis": {
      "version": "4.21.0-EOL",
      "resolved": "https://registry.npmjs.org/vis/-/vis-4.21.0-EOL.tgz",
      "integrity": "sha512-JVS1mywKg5S88XbkDJPfCb3n+vlg5fMA8Ae2hzs3KHAwD4ryM5qwlbFZ6ReDfY8te7I4NLCpuCoywJQEehvJlQ==",
      "requires": {
        "emitter-component": "^1.1.1",
        "hammerjs": "^2.0.8",
        "keycharm": "^0.2.0",
        "moment": "^2.18.1",
        "propagating-hammerjs": "^1.4.6"
      }
    },
    "websocket": {
      "version": "1.0.31",
      "resolved": "https://registry.npmjs.org/websocket/-/websocket-1.0.31.tgz",
      "integrity": "sha512-VAouplvGKPiKFDTeCCO65vYHsyay8DqoBSlzIO3fayrfOgU94lQN5a1uWVnFrMLceTJw/+fQXR5PGbUVRaHshQ==",
      "requires": {
        "debug": "^2.2.0",
        "es5-ext": "^0.10.50",
        "nan": "^2.14.0",
        "typedarray-to-buffer": "^3.1.5",
        "yaeti": "^0.0.6"
      },
      "dependencies": {
        "nan": {
          "version": "2.14.0",
          "resolved": "https://registry.npmjs.org/nan/-/nan-2.14.0.tgz",
          "integrity": "sha512-INOFj37C7k3AfaNTtX8RhsTw7qRy7eLET14cROi9+5HAVbbHuIWUHEauBv5qT4Av2tWasiTY1Jw6puUNqRJXQg=="
        }
      }
    },
    "wordwrap": {
      "version": "1.0.0",
      "resolved": "https://registry.npmjs.org/wordwrap/-/wordwrap-1.0.0.tgz",
      "integrity": "sha1-J1hIEIkUVqQXHI0CJkQa3pDLyus="
    },
    "yaeti": {
      "version": "0.0.6",
      "resolved": "https://registry.npmjs.org/yaeti/-/yaeti-0.0.6.tgz",
      "integrity": "sha1-8m9ITXJoTPQr7ft2lwqhYI+/lXc="
    }
  }
}
